
Microsoft Visual Studio Solution File, Format Version 12.00
# Visual Studio 15
VisualStudioVersion = 15.0.27703.2035
MinimumVisualStudioVersion = 10.0.40219.1
Project("{FAE04EC0-301F-11D3-BF4B-00C04F79EFBC}") = "GitHubIssues", "GitHubIssues\GitHubIssues.csproj", "{3E7C317C-1F6B-4D16-A66C-2A11D8A6661C}"
EndProject
Global
	GlobalSection(SolutionConfigurationPlatforms) = preSolution
		Debug|Any CPU = Debug|Any CPU
		Release|Any CPU = Release|Any CPU
	EndGlobalSection
	GlobalSection(ProjectConfigurationPlatforms) = postSolution
		{3E7C317C-1F6B-4D16-A66C-2A11D8A6661C}.Debug|Any CPU.ActiveCfg = Debug|Any CPU
		{3E7C317C-1F6B-4D16-A66C-2A11D8A6661C}.Debug|Any CPU.Build.0 = Debug|Any CPU
		{3E7C317C-1F6B-4D16-A66C-2A11D8A6661C}.Debug|Any CPU.Deploy.0 = Debug|Any CPU
		{3E7C317C-1F6B-4D16-A66C-2A11D8A6661C}.Release|Any CPU.ActiveCfg = Release|Any CPU
		{3E7C317C-1F6B-4D16-A66C-2A11D8A6661C}.Release|Any CPU.Build.0 = Release|Any CPU
		{3E7C317C-1F6B-4D16-A66C-2A11D8A6661C}.Release|Any CPU.Deploy.0 = Release|Any CPU
	EndGlobalSection
	GlobalSection(SolutionProperties) = preSolution
		HideSolutionNode = FALSE
	EndGlobalSection
	GlobalSection(ExtensibilityGlobals) = postSolution
		SolutionGuid = {8D9F3FCE-BE92-4438-90E7-1709C043CFBD}
	EndGlobalSection
EndGlobal
